
Microsoft Visual Studio Solution File, Format Version 12.00
# Visual Studio Version 17
VisualStudioVersion = 17.4.33110.190
MinimumVisualStudioVersion = 10.0.40219.1
Project("{FAE04EC0-301F-11D3-BF4B-00C04F79EFBC}") = "AfficheurLCD.Console", "AfficheurLCD.Console\AfficheurLCD.Console.csproj", "{BF87E0EA-D573-4729-9B7A-379ECF2A0257}"
EndProject
Project("{FAE04EC0-301F-11D3-BF4B-00C04F79EFBC}") = "AfficheurLCD.Test", "AfficheurLCD.Test\AfficheurLCD.Test.csproj", "{73195A5A-24BC-486E-9999-37F3506FF5EE}"
EndProject
Project("{FAE04EC0-301F-11D3-BF4B-00C04F79EFBC}") = "AfficheurLCD", "AfficheurLCD\AfficheurLCD.csproj", "{8C2E43ED-1681-428A-9553-19C5B423B9F3}"
EndProject
Global
	GlobalSection(SolutionConfigurationPlatforms) = preSolution
		Debug|Any CPU = Debug|Any CPU
		Release|Any CPU = Release|Any CPU
	EndGlobalSection
	GlobalSection(ProjectConfigurationPlatforms) = postSolution
		{BF87E0EA-D573-4729-9B7A-379ECF2A0257}.Debug|Any CPU.ActiveCfg = Debug|Any CPU
		{BF87E0EA-D573-4729-9B7A-379ECF2A0257}.Debug|Any CPU.Build.0 = Debug|Any CPU
		{BF87E0EA-D573-4729-9B7A-379ECF2A0257}.Release|Any CPU.ActiveCfg = Release|Any CPU
		{BF87E0EA-D573-4729-9B7A-379ECF2A0257}.Release|Any CPU.Build.0 = Release|Any CPU
		{73195A5A-24BC-486E-9999-37F3506FF5EE}.Debug|Any CPU.ActiveCfg = Debug|Any CPU
		{73195A5A-24BC-486E-9999-37F3506FF5EE}.Debug|Any CPU.Build.0 = Debug|Any CPU
		{73195A5A-24BC-486E-9999-37F3506FF5EE}.Release|Any CPU.ActiveCfg = Release|Any CPU
		{73195A5A-24BC-486E-9999-37F3506FF5EE}.Release|Any CPU.Build.0 = Release|Any CPU
		{8C2E43ED-1681-428A-9553-19C5B423B9F3}.Debug|Any CPU.ActiveCfg = Debug|Any CPU
		{8C2E43ED-1681-428A-9553-19C5B423B9F3}.Debug|Any CPU.Build.0 = Debug|Any CPU
		{8C2E43ED-1681-428A-9553-19C5B423B9F3}.Release|Any CPU.ActiveCfg = Release|Any CPU
		{8C2E43ED-1681-428A-9553-19C5B423B9F3}.Release|Any CPU.Build.0 = Release|Any CPU
	EndGlobalSection
	GlobalSection(SolutionProperties) = preSolution
		HideSolutionNode = FALSE
	EndGlobalSection
	GlobalSection(ExtensibilityGlobals) = postSolution
		SolutionGuid = {BB21A031-6E75-425A-8E1B-96FD57E5DF4C}
	EndGlobalSection
EndGlobal
